
Microsoft Visual Studio Solution File, Format Version 12.00
# Visual Studio Version 17
VisualStudioVersion = 17.11.35327.3
MinimumVisualStudioVersion = 10.0.40219.1
Project("{FAE04EC0-301F-11D3-BF4B-00C04F79EFBC}") = "LLVG.StringManipulator", "LLVG.StringManipulator\LLVG.StringManipulator.csproj", "{393CC75B-3882-4A7C-9060-68F9C6050254}"
EndProject
Project("{FAE04EC0-301F-11D3-BF4B-00C04F79EFBC}") = "LLVG.StringManipulator.UnitTest.AppxUnit", "LLVG.StringManipulator.UnitTest.AppxUnit\LLVG.StringManipulator.UnitTest.AppxUnit.csproj", "{4806351C-3102-464A-948E-C942997B17BF}"
EndProject
Global
	GlobalSection(SolutionConfigurationPlatforms) = preSolution
		Debug|Any CPU = Debug|Any CPU
		Release|Any CPU = Release|Any CPU
	EndGlobalSection
	GlobalSection(ProjectConfigurationPlatforms) = postSolution
		{393CC75B-3882-4A7C-9060-68F9C6050254}.Debug|Any CPU.ActiveCfg = Debug|Any CPU
		{393CC75B-3882-4A7C-9060-68F9C6050254}.Debug|Any CPU.Build.0 = Debug|Any CPU
		{393CC75B-3882-4A7C-9060-68F9C6050254}.Release|Any CPU.ActiveCfg = Release|Any CPU
		{393CC75B-3882-4A7C-9060-68F9C6050254}.Release|Any CPU.Build.0 = Release|Any CPU
		{4806351C-3102-464A-948E-C942997B17BF}.Debug|Any CPU.ActiveCfg = Debug|Any CPU
		{4806351C-3102-464A-948E-C942997B17BF}.Debug|Any CPU.Build.0 = Debug|Any CPU
		{4806351C-3102-464A-948E-C942997B17BF}.Release|Any CPU.ActiveCfg = Release|Any CPU
		{4806351C-3102-464A-948E-C942997B17BF}.Release|Any CPU.Build.0 = Release|Any CPU
	EndGlobalSection
	GlobalSection(SolutionProperties) = preSolution
		HideSolutionNode = FALSE
	EndGlobalSection
	GlobalSection(ExtensibilityGlobals) = postSolution
		SolutionGuid = {A3FF7F5F-A2D2-497D-BA7A-A1C3C5E5B301}
	EndGlobalSection
EndGlobal
